
Microsoft Visual Studio Solution File, Format Version 12.00
# Visual Studio Version 16
VisualStudioVersion = 16.0.30523.141
MinimumVisualStudioVersion = 10.0.40219.1
Project("{FAE04EC0-301F-11D3-BF4B-00C04F79EFBC}") = "0.8HTTPRequest", "0.8HTTPRequest\0.8HTTPRequest.csproj", "{386E35EB-B5F7-4483-85DC-A67A4B09E809}"
EndProject
Global
	GlobalSection(SolutionConfigurationPlatforms) = preSolution
		Debug|Any CPU = Debug|Any CPU
		Release|Any CPU = Release|Any CPU
	EndGlobalSection
	GlobalSection(ProjectConfigurationPlatforms) = postSolution
		{386E35EB-B5F7-4483-85DC-A67A4B09E809}.Debug|Any CPU.ActiveCfg = Debug|Any CPU
		{386E35EB-B5F7-4483-85DC-A67A4B09E809}.Debug|Any CPU.Build.0 = Debug|Any CPU
		{386E35EB-B5F7-4483-85DC-A67A4B09E809}.Release|Any CPU.ActiveCfg = Release|Any CPU
		{386E35EB-B5F7-4483-85DC-A67A4B09E809}.Release|Any CPU.Build.0 = Release|Any CPU
	EndGlobalSection
	GlobalSection(SolutionProperties) = preSolution
		HideSolutionNode = FALSE
	EndGlobalSection
	GlobalSection(ExtensibilityGlobals) = postSolution
		SolutionGuid = {1167EEDD-4AD3-46CF-A647-5A68D1C771D4}
	EndGlobalSection
EndGlobal
